
Microsoft Visual Studio Solution File, Format Version 12.00
# Blend for Visual Studio 14
VisualStudioVersion = 14.0.25420.1
MinimumVisualStudioVersion = 10.0.40219.1
Project("{FAE04EC0-301F-11D3-BF4B-00C04F79EFBC}") = "Student_Project", "Merhaba5(Not veritabanı için)\Student_Project.csproj", "{C6D93887-1522-4D3F-9CDD-34AB45764DDF}"
EndProject
Global
	GlobalSection(SolutionConfigurationPlatforms) = preSolution
		Debug|Any CPU = Debug|Any CPU
		Release|Any CPU = Release|Any CPU
	EndGlobalSection
	GlobalSection(ProjectConfigurationPlatforms) = postSolution
		{C6D93887-1522-4D3F-9CDD-34AB45764DDF}.Debug|Any CPU.ActiveCfg = Debug|Any CPU
		{C6D93887-1522-4D3F-9CDD-34AB45764DDF}.Debug|Any CPU.Build.0 = Debug|Any CPU
		{C6D93887-1522-4D3F-9CDD-34AB45764DDF}.Release|Any CPU.ActiveCfg = Release|Any CPU
		{C6D93887-1522-4D3F-9CDD-34AB45764DDF}.Release|Any CPU.Build.0 = Release|Any CPU
	EndGlobalSection
	GlobalSection(SolutionProperties) = preSolution
		HideSolutionNode = FALSE
	EndGlobalSection
	GlobalSection(ExtensibilityGlobals) = postSolution
		SolutionGuid = {C0442D3C-2B08-4D97-B06F-2DBB181DB9FA}
	EndGlobalSection
EndGlobal
